
Microsoft Visual Studio Solution File, Format Version 12.00
# Visual Studio Version 17
VisualStudioVersion = 17.0.31912.275
MinimumVisualStudioVersion = 10.0.40219.1
Project("{FAE04EC0-301F-11D3-BF4B-00C04F79EFBC}") = "ServerApp", "ServerApp\ServerApp.csproj", "{7C5E90CA-9B39-48E9-BD63-DB92E7A88BF5}"
EndProject
Project("{FAE04EC0-301F-11D3-BF4B-00C04F79EFBC}") = "ClientApp", "ClientApp\ClientApp.csproj", "{C4E782FD-6B9A-415C-BA4F-A1B643B68A44}"
EndProject
Project("{FAE04EC0-301F-11D3-BF4B-00C04F79EFBC}") = "ChatAppCommon", "ChatAppCommon\ChatAppCommon.csproj", "{937AD116-1843-4619-94EF-088EB2E6A235}"
EndProject
Global
	GlobalSection(SolutionConfigurationPlatforms) = preSolution
		Debug|Any CPU = Debug|Any CPU
		Release|Any CPU = Release|Any CPU
	EndGlobalSection
	GlobalSection(ProjectConfigurationPlatforms) = postSolution
		{7C5E90CA-9B39-48E9-BD63-DB92E7A88BF5}.Debug|Any CPU.ActiveCfg = Debug|Any CPU
		{7C5E90CA-9B39-48E9-BD63-DB92E7A88BF5}.Debug|Any CPU.Build.0 = Debug|Any CPU
		{7C5E90CA-9B39-48E9-BD63-DB92E7A88BF5}.Release|Any CPU.ActiveCfg = Release|Any CPU
		{7C5E90CA-9B39-48E9-BD63-DB92E7A88BF5}.Release|Any CPU.Build.0 = Release|Any CPU
		{C4E782FD-6B9A-415C-BA4F-A1B643B68A44}.Debug|Any CPU.ActiveCfg = Debug|Any CPU
		{C4E782FD-6B9A-415C-BA4F-A1B643B68A44}.Debug|Any CPU.Build.0 = Debug|Any CPU
		{C4E782FD-6B9A-415C-BA4F-A1B643B68A44}.Release|Any CPU.ActiveCfg = Release|Any CPU
		{C4E782FD-6B9A-415C-BA4F-A1B643B68A44}.Release|Any CPU.Build.0 = Release|Any CPU
		{937AD116-1843-4619-94EF-088EB2E6A235}.Debug|Any CPU.ActiveCfg = Debug|Any CPU
		{937AD116-1843-4619-94EF-088EB2E6A235}.Debug|Any CPU.Build.0 = Debug|Any CPU
		{937AD116-1843-4619-94EF-088EB2E6A235}.Release|Any CPU.ActiveCfg = Release|Any CPU
		{937AD116-1843-4619-94EF-088EB2E6A235}.Release|Any CPU.Build.0 = Release|Any CPU
	EndGlobalSection
	GlobalSection(SolutionProperties) = preSolution
		HideSolutionNode = FALSE
	EndGlobalSection
	GlobalSection(ExtensibilityGlobals) = postSolution
		SolutionGuid = {66A1072F-F1BD-4046-987A-30FB2827940D}
	EndGlobalSection
EndGlobal
